
Microsoft Visual Studio Solution File, Format Version 12.00
# Visual Studio Version 17
VisualStudioVersion = 17.6.33829.357
MinimumVisualStudioVersion = 10.0.40219.1
Project("{9A19103F-16F7-4668-BE54-9A1E7A4F7556}") = "movieSolution", "movieSolution.csproj", "{91FD2D93-1A25-4E41-AE2B-58FBA992AAF4}"
EndProject
Project("{FAE04EC0-301F-11D3-BF4B-00C04F79EFBC}") = "movieSolutionTest", "..\movieSolutionTest\movieSolutionTest.csproj", "{FAC2E58C-7425-465B-AE35-81766D2FA743}"
EndProject
Global
	GlobalSection(SolutionConfigurationPlatforms) = preSolution
		Debug|Any CPU = Debug|Any CPU
		Release|Any CPU = Release|Any CPU
	EndGlobalSection
	GlobalSection(ProjectConfigurationPlatforms) = postSolution
		{91FD2D93-1A25-4E41-AE2B-58FBA992AAF4}.Debug|Any CPU.ActiveCfg = Debug|Any CPU
		{91FD2D93-1A25-4E41-AE2B-58FBA992AAF4}.Debug|Any CPU.Build.0 = Debug|Any CPU
		{91FD2D93-1A25-4E41-AE2B-58FBA992AAF4}.Release|Any CPU.ActiveCfg = Release|Any CPU
		{91FD2D93-1A25-4E41-AE2B-58FBA992AAF4}.Release|Any CPU.Build.0 = Release|Any CPU
		{FAC2E58C-7425-465B-AE35-81766D2FA743}.Debug|Any CPU.ActiveCfg = Debug|Any CPU
		{FAC2E58C-7425-465B-AE35-81766D2FA743}.Debug|Any CPU.Build.0 = Debug|Any CPU
		{FAC2E58C-7425-465B-AE35-81766D2FA743}.Release|Any CPU.ActiveCfg = Release|Any CPU
		{FAC2E58C-7425-465B-AE35-81766D2FA743}.Release|Any CPU.Build.0 = Release|Any CPU
	EndGlobalSection
	GlobalSection(SolutionProperties) = preSolution
		HideSolutionNode = FALSE
	EndGlobalSection
	GlobalSection(ExtensibilityGlobals) = postSolution
		SolutionGuid = {4D080797-1D3D-43DE-9CBF-C75540B7317F}
	EndGlobalSection
EndGlobal
